
Microsoft Visual Studio Solution File, Format Version 12.00
# Visual Studio Version 16
VisualStudioVersion = 16.0.30611.23
MinimumVisualStudioVersion = 10.0.40219.1
Project("{FAE04EC0-301F-11D3-BF4B-00C04F79EFBC}") = "dotNet5781_00_4789_9647", "dotNet5781_00_4789_9647\dotNet5781_00_4789_9647.csproj", "{EC4400EA-6BB4-44D1-93C2-C2014CDFFE0E}"
EndProject
Project("{FAE04EC0-301F-11D3-BF4B-00C04F79EFBC}") = "dotNet5781_01_9647_4789", "dotNet5781_01_9647_4789\dotNet5781_01_9647_4789.csproj", "{93CE2059-E5B0-4B74-AF03-3CC6C446EDE7}"
EndProject
Project("{FAE04EC0-301F-11D3-BF4B-00C04F79EFBC}") = "dotNet5781_02_4789_9647", "dotNet5781_02_4789_9647\dotNet5781_02_4789_9647.csproj", "{86EA64D5-7D09-4308-BC0D-95023BC013C3}"
EndProject
Project("{FAE04EC0-301F-11D3-BF4B-00C04F79EFBC}") = "doNEt5781_03A_4789_9647", "doNEt5781_03A_4789_9647\doNEt5781_03A_4789_9647.csproj", "{72744216-D9D2-4226-9ED9-9CC65C388D15}"
EndProject
Project("{FAE04EC0-301F-11D3-BF4B-00C04F79EFBC}") = "doNet5781_03B_4789_9647", "doNet5781_03B_4789_9647\doNet5781_03B_4789_9647.csproj", "{4960957F-B006-48A7-9030-2D1717266A61}"
EndProject
Project("{FAE04EC0-301F-11D3-BF4B-00C04F79EFBC}") = "BL", "BL\BL.csproj", "{4BA9DBD1-B2EB-4AD2-BAAF-5EB8B60A76BC}"
	ProjectSection(ProjectDependencies) = postProject
		{2567D62B-AB1B-44A0-807C-16A201DFE5A2} = {2567D62B-AB1B-44A0-807C-16A201DFE5A2}
		{6DCED467-99D7-4DB3-A54B-04F1451A33C9} = {6DCED467-99D7-4DB3-A54B-04F1451A33C9}
	EndProjectSection
EndProject
Project("{FAE04EC0-301F-11D3-BF4B-00C04F79EFBC}") = "DALAPI", "DalApi\DALAPI.csproj", "{39F55534-B208-47B9-8CFD-89E162390580}"
EndProject
Project("{FAE04EC0-301F-11D3-BF4B-00C04F79EFBC}") = "DalObject", "DalObject\DalObject.csproj", "{2567D62B-AB1B-44A0-807C-16A201DFE5A2}"
EndProject
Project("{FAE04EC0-301F-11D3-BF4B-00C04F79EFBC}") = "DS", "DS\DS.csproj", "{927056D9-0D38-45B9-8C16-F204247BD8D4}"
EndProject
Project("{2150E333-8FDC-42A3-9474-1A3956D46DE8}") = "Solution Items", "Solution Items", "{88054C6F-F0DD-4652-B871-D8A7D66BFD32}"
	ProjectSection(SolutionItems) = preProject
		bin\xml\AdjacentStationsXml.xml = bin\xml\AdjacentStationsXml.xml
		bin\xml\BusXML.xml = bin\xml\BusXML.xml
		bin\config.xml = bin\config.xml
		bin\xml\lineStationXml.xml = bin\xml\lineStationXml.xml
		bin\xml\LineXml.xml = bin\xml\LineXml.xml
		serials.xml = serials.xml
		bin\xml\StationXml.xml = bin\xml\StationXml.xml
		bin\xml\UserXml.xml = bin\xml\UserXml.xml
	EndProjectSection
EndProject
Project("{FAE04EC0-301F-11D3-BF4B-00C04F79EFBC}") = "PLGui", "PLGui\PLGui.csproj", "{C0C0B23E-147E-4000-B4E7-BA36FC4086BE}"
EndProject
Project("{FAE04EC0-301F-11D3-BF4B-00C04F79EFBC}") = "DalXml", "DalXml\DalXml.csproj", "{6DCED467-99D7-4DB3-A54B-04F1451A33C9}"
EndProject
Global
	GlobalSection(SolutionConfigurationPlatforms) = preSolution
		Debug|Any CPU = Debug|Any CPU
		Release|Any CPU = Release|Any CPU
	EndGlobalSection
	GlobalSection(ProjectConfigurationPlatforms) = postSolution
		{EC4400EA-6BB4-44D1-93C2-C2014CDFFE0E}.Debug|Any CPU.ActiveCfg = Debug|Any CPU
		{EC4400EA-6BB4-44D1-93C2-C2014CDFFE0E}.Debug|Any CPU.Build.0 = Debug|Any CPU
		{EC4400EA-6BB4-44D1-93C2-C2014CDFFE0E}.Release|Any CPU.ActiveCfg = Release|Any CPU
		{EC4400EA-6BB4-44D1-93C2-C2014CDFFE0E}.Release|Any CPU.Build.0 = Release|Any CPU
		{93CE2059-E5B0-4B74-AF03-3CC6C446EDE7}.Debug|Any CPU.ActiveCfg = Debug|Any CPU
		{93CE2059-E5B0-4B74-AF03-3CC6C446EDE7}.Debug|Any CPU.Build.0 = Debug|Any CPU
		{93CE2059-E5B0-4B74-AF03-3CC6C446EDE7}.Release|Any CPU.ActiveCfg = Release|Any CPU
		{93CE2059-E5B0-4B74-AF03-3CC6C446EDE7}.Release|Any CPU.Build.0 = Release|Any CPU
		{86EA64D5-7D09-4308-BC0D-95023BC013C3}.Debug|Any CPU.ActiveCfg = Debug|Any CPU
		{86EA64D5-7D09-4308-BC0D-95023BC013C3}.Debug|Any CPU.Build.0 = Debug|Any CPU
		{86EA64D5-7D09-4308-BC0D-95023BC013C3}.Release|Any CPU.ActiveCfg = Release|Any CPU
		{86EA64D5-7D09-4308-BC0D-95023BC013C3}.Release|Any CPU.Build.0 = Release|Any CPU
		{72744216-D9D2-4226-9ED9-9CC65C388D15}.Debug|Any CPU.ActiveCfg = Debug|Any CPU
		{72744216-D9D2-4226-9ED9-9CC65C388D15}.Debug|Any CPU.Build.0 = Debug|Any CPU
		{72744216-D9D2-4226-9ED9-9CC65C388D15}.Release|Any CPU.ActiveCfg = Release|Any CPU
		{72744216-D9D2-4226-9ED9-9CC65C388D15}.Release|Any CPU.Build.0 = Release|Any CPU
		{4960957F-B006-48A7-9030-2D1717266A61}.Debug|Any CPU.ActiveCfg = Debug|Any CPU
		{4960957F-B006-48A7-9030-2D1717266A61}.Debug|Any CPU.Build.0 = Debug|Any CPU
		{4960957F-B006-48A7-9030-2D1717266A61}.Release|Any CPU.ActiveCfg = Release|Any CPU
		{4960957F-B006-48A7-9030-2D1717266A61}.Release|Any CPU.Build.0 = Release|Any CPU
		{4BA9DBD1-B2EB-4AD2-BAAF-5EB8B60A76BC}.Debug|Any CPU.ActiveCfg = Debug|Any CPU
		{4BA9DBD1-B2EB-4AD2-BAAF-5EB8B60A76BC}.Debug|Any CPU.Build.0 = Debug|Any CPU
		{4BA9DBD1-B2EB-4AD2-BAAF-5EB8B60A76BC}.Release|Any CPU.ActiveCfg = Release|Any CPU
		{4BA9DBD1-B2EB-4AD2-BAAF-5EB8B60A76BC}.Release|Any CPU.Build.0 = Release|Any CPU
		{39F55534-B208-47B9-8CFD-89E162390580}.Debug|Any CPU.ActiveCfg = Debug|Any CPU
		{39F55534-B208-47B9-8CFD-89E162390580}.Debug|Any CPU.Build.0 = Debug|Any CPU
		{39F55534-B208-47B9-8CFD-89E162390580}.Release|Any CPU.ActiveCfg = Release|Any CPU
		{39F55534-B208-47B9-8CFD-89E162390580}.Release|Any CPU.Build.0 = Release|Any CPU
		{2567D62B-AB1B-44A0-807C-16A201DFE5A2}.Debug|Any CPU.ActiveCfg = Debug|Any CPU
		{2567D62B-AB1B-44A0-807C-16A201DFE5A2}.Debug|Any CPU.Build.0 = Debug|Any CPU
		{2567D62B-AB1B-44A0-807C-16A201DFE5A2}.Release|Any CPU.ActiveCfg = Release|Any CPU
		{2567D62B-AB1B-44A0-807C-16A201DFE5A2}.Release|Any CPU.Build.0 = Release|Any CPU
		{927056D9-0D38-45B9-8C16-F204247BD8D4}.Debug|Any CPU.ActiveCfg = Debug|Any CPU
		{927056D9-0D38-45B9-8C16-F204247BD8D4}.Debug|Any CPU.Build.0 = Debug|Any CPU
		{927056D9-0D38-45B9-8C16-F204247BD8D4}.Release|Any CPU.ActiveCfg = Release|Any CPU
		{927056D9-0D38-45B9-8C16-F204247BD8D4}.Release|Any CPU.Build.0 = Release|Any CPU
		{C0C0B23E-147E-4000-B4E7-BA36FC4086BE}.Debug|Any CPU.ActiveCfg = Debug|Any CPU
		{C0C0B23E-147E-4000-B4E7-BA36FC4086BE}.Debug|Any CPU.Build.0 = Debug|Any CPU
		{C0C0B23E-147E-4000-B4E7-BA36FC4086BE}.Release|Any CPU.ActiveCfg = Release|Any CPU
		{C0C0B23E-147E-4000-B4E7-BA36FC4086BE}.Release|Any CPU.Build.0 = Release|Any CPU
		{6DCED467-99D7-4DB3-A54B-04F1451A33C9}.Debug|Any CPU.ActiveCfg = Debug|Any CPU
		{6DCED467-99D7-4DB3-A54B-04F1451A33C9}.Debug|Any CPU.Build.0 = Debug|Any CPU
		{6DCED467-99D7-4DB3-A54B-04F1451A33C9}.Release|Any CPU.ActiveCfg = Release|Any CPU
		{6DCED467-99D7-4DB3-A54B-04F1451A33C9}.Release|Any CPU.Build.0 = Release|Any CPU
	EndGlobalSection
	GlobalSection(SolutionProperties) = preSolution
		HideSolutionNode = FALSE
	EndGlobalSection
	GlobalSection(ExtensibilityGlobals) = postSolution
		SolutionGuid = {7D31EE68-EF0D-4B83-BA92-2B0C59A8A878}
	EndGlobalSection
EndGlobal
